// !$*UTF8*$!
{
	archiveVersion = 1;
	classes = {
	};
	objectVersion = 77;
	objects = {

/* Begin PBXBuildFile section */
		02DF5B22D3B481F096F03F07 /* CoverageMap.swift in Sources */ = {isa = PBXBuildFile; fileRef = ED6BD0B41EDDDB1A5A2D1C66 /* CoverageMap.swift */; };
		0AF894CFCC37B3DEC125B1A8 /* Pro.swift in Sources */ = {isa = PBXBuildFile; fileRef = D5AF0A23CAEC562182CFABB1 /* Pro.swift */; };
		288A75720FF7BD330E450ABA /* Intents.swift in Sources */ = {isa = PBXBuildFile; fileRef = 30D29649A091E6050EF9C8F0 /* Intents.swift */; };
		2D3D72140A353F0ADC337C15 /* Devices.swift in Sources */ = {isa = PBXBuildFile; fileRef = 953E4B7DE20FD93E681A6001 /* Devices.swift */; };
		49880B78E0AAF1C71B3C70C2 /* SpeedTest.swift in Sources */ = {isa = PBXBuildFile; fileRef = 3D1D89EEC10603A399EC0F2E /* SpeedTest.swift */; };
		5FB6323A509829E5CC5BED96 /* Connection.swift in Sources */ = {isa = PBXBuildFile; fileRef = FBA24A40246DEE949CAD749E /* Connection.swift */; };
		6A1151BA5E3278D2AD9988C5 /* Privacy.swift in Sources */ = {isa = PBXBuildFile; fileRef = 0027DF7DF68284D28595561C /* Privacy.swift */; };
		785799788ED92FB678644EFA /* Tools.swift in Sources */ = {isa = PBXBuildFile; fileRef = CDBA743474FD7CC987D15400 /* Tools.swift */; };
		847BD283991A604AC4765DEB /* SpeedTestView.swift in Sources */ = {isa = PBXBuildFile; fileRef = 9F373CCEB4FCC1CE1FFCEEF4 /* SpeedTestView.swift */; };
		86674F530839C9A3FBFFEE24 /* Coverage.swift in Sources */ = {isa = PBXBuildFile; fileRef = B74D461AA582D2E5AB0870D1 /* Coverage.swift */; };
		A5A6282A4975F75CAE333060 /* NetScopeApp.swift in Sources */ = {isa = PBXBuildFile; fileRef = C772971C23C197581B709D78 /* NetScopeApp.swift */; };
		A9B5CD933DE4C238756DDF08 /* Learn.swift in Sources */ = {isa = PBXBuildFile; fileRef = 3B983DA884B98BE60B1C05CA /* Learn.swift */; };
		AEE69F63C2C04E90FF8AF3B0 /* Settings.swift in Sources */ = {isa = PBXBuildFile; fileRef = B94B47411BB7EE7D9303D793 /* Settings.swift */; };
		BAB27C11F1EDD5AF5484F54F /* AppIntelligence.swift in Sources */ = {isa = PBXBuildFile; fileRef = 3738118F5786390DDD9FE32E /* AppIntelligence.swift */; };
		DDAA9A21C62AC62C789D8458 /* Assets.xcassets in Resources */ = {isa = PBXBuildFile; fileRef = 0B53727EE4708265FC0CE55A /* Assets.xcassets */; };
		EC2901C019994080FBF84ED4 /* Enrichment.swift in Sources */ = {isa = PBXBuildFile; fileRef = BC6251FDAAA9C0A003968B4F /* Enrichment.swift */; };
		F93E68C3B2361363473BA3E7 /* Theme.swift in Sources */ = {isa = PBXBuildFile; fileRef = 7C00A95F7C1AE3FA1596DAFE /* Theme.swift */; };
/* End PBXBuildFile section */

/* Begin PBXFileReference section */
		0027DF7DF68284D28595561C /* Privacy.swift */ = {isa = PBXFileReference; lastKnownFileType = sourcecode.swift; path = Privacy.swift; sourceTree = "<group>"; };
		0B53727EE4708265FC0CE55A /* Assets.xcassets */ = {isa = PBXFileReference; lastKnownFileType = folder.assetcatalog; path = Assets.xcassets; sourceTree = "<group>"; };
		29FCD09D78E7559AB0BEA076 /* Info.plist */ = {isa = PBXFileReference; lastKnownFileType = text.plist; path = Info.plist; sourceTree = "<group>"; };
		30D29649A091E6050EF9C8F0 /* Intents.swift */ = {isa = PBXFileReference; lastKnownFileType = sourcecode.swift; path = Intents.swift; sourceTree = "<group>"; };
		3738118F5786390DDD9FE32E /* AppIntelligence.swift */ = {isa = PBXFileReference; lastKnownFileType = sourcecode.swift; path = AppIntelligence.swift; sourceTree = "<group>"; };
		3B983DA884B98BE60B1C05CA /* Learn.swift */ = {isa = PBXFileReference; lastKnownFileType = sourcecode.swift; path = Learn.swift; sourceTree = "<group>"; };
		3D1D89EEC10603A399EC0F2E /* SpeedTest.swift */ = {isa = PBXFileReference; lastKnownFileType = sourcecode.swift; path = SpeedTest.swift; sourceTree = "<group>"; };
		7C00A95F7C1AE3FA1596DAFE /* Theme.swift */ = {isa = PBXFileReference; lastKnownFileType = sourcecode.swift; path = Theme.swift; sourceTree = "<group>"; };
		8A69C598155B6B6824271455 /* NetScope.app */ = {isa = PBXFileReference; includeInIndex = 0; lastKnownFileType = wrapper.application; path = NetScope.app; sourceTree = BUILT_PRODUCTS_DIR; };
		953E4B7DE20FD93E681A6001 /* Devices.swift */ = {isa = PBXFileReference; lastKnownFileType = sourcecode.swift; path = Devices.swift; sourceTree = "<group>"; };
		9F373CCEB4FCC1CE1FFCEEF4 /* SpeedTestView.swift */ = {isa = PBXFileReference; lastKnownFileType = sourcecode.swift; path = SpeedTestView.swift; sourceTree = "<group>"; };
		B74D461AA582D2E5AB0870D1 /* Coverage.swift */ = {isa = PBXFileReference; lastKnownFileType = sourcecode.swift; path = Coverage.swift; sourceTree = "<group>"; };
		B94B47411BB7EE7D9303D793 /* Settings.swift */ = {isa = PBXFileReference; lastKnownFileType = sourcecode.swift; path = Settings.swift; sourceTree = "<group>"; };
		BC6251FDAAA9C0A003968B4F /* Enrichment.swift */ = {isa = PBXFileReference; lastKnownFileType = sourcecode.swift; path = Enrichment.swift; sourceTree = "<group>"; };
		C772971C23C197581B709D78 /* NetScopeApp.swift */ = {isa = PBXFileReference; lastKnownFileType = sourcecode.swift; path = NetScopeApp.swift; sourceTree = "<group>"; };
		CDBA743474FD7CC987D15400 /* Tools.swift */ = {isa = PBXFileReference; lastKnownFileType = sourcecode.swift; path = Tools.swift; sourceTree = "<group>"; };
		D5AF0A23CAEC562182CFABB1 /* Pro.swift */ = {isa = PBXFileReference; lastKnownFileType = sourcecode.swift; path = Pro.swift; sourceTree = "<group>"; };
		ED6BD0B41EDDDB1A5A2D1C66 /* CoverageMap.swift */ = {isa = PBXFileReference; lastKnownFileType = sourcecode.swift; path = CoverageMap.swift; sourceTree = "<group>"; };
		FBA24A40246DEE949CAD749E /* Connection.swift */ = {isa = PBXFileReference; lastKnownFileType = sourcecode.swift; path = Connection.swift; sourceTree = "<group>"; };
/* End PBXFileReference section */

/* Begin PBXGroup section */
		107E7C678E92BA646923DD4A /* Pro */ = {
			isa = PBXGroup;
			children = (
				B74D461AA582D2E5AB0870D1 /* Coverage.swift */,
				BC6251FDAAA9C0A003968B4F /* Enrichment.swift */,
				D5AF0A23CAEC562182CFABB1 /* Pro.swift */,
			);
			path = Pro;
			sourceTree = "<group>";
		};
		1EBD416900A686C888B15C99 /* Connection */ = {
			isa = PBXGroup;
			children = (
				FBA24A40246DEE949CAD749E /* Connection.swift */,
			);
			path = Connection;
			sourceTree = "<group>";
		};
		25395A864ACB3CBE38FC653C /* NetScope */ = {
			isa = PBXGroup;
			children = (
				B0A2D80C46AE91D635E8532D /* App */,
				99ED124124667D9037B69A91 /* Core */,
				D01682C80E4E9324022BE82D /* Features */,
				0B53727EE4708265FC0CE55A /* Assets.xcassets */,
				29FCD09D78E7559AB0BEA076 /* Info.plist */,
			);
			path = NetScope;
			sourceTree = "<group>";
		};
		51285BF45F5DCEF1E753CD98 /* Learn */ = {
			isa = PBXGroup;
			children = (
				3B983DA884B98BE60B1C05CA /* Learn.swift */,
			);
			path = Learn;
			sourceTree = "<group>";
		};
		5D30D3FD9B2CCE04C05B383A /* Devices */ = {
			isa = PBXGroup;
			children = (
				953E4B7DE20FD93E681A6001 /* Devices.swift */,
			);
			path = Devices;
			sourceTree = "<group>";
		};
		893C39B2B6F8EA0EA21810FC /* Settings */ = {
			isa = PBXGroup;
			children = (
				0027DF7DF68284D28595561C /* Privacy.swift */,
				B94B47411BB7EE7D9303D793 /* Settings.swift */,
			);
			path = Settings;
			sourceTree = "<group>";
		};
		984B4DC5F61DD730FEC12354 /* Products */ = {
			isa = PBXGroup;
			children = (
				8A69C598155B6B6824271455 /* NetScope.app */,
			);
			name = Products;
			sourceTree = "<group>";
		};
		99ED124124667D9037B69A91 /* Core */ = {
			isa = PBXGroup;
			children = (
				3738118F5786390DDD9FE32E /* AppIntelligence.swift */,
				7C00A95F7C1AE3FA1596DAFE /* Theme.swift */,
				CDBA743474FD7CC987D15400 /* Tools.swift */,
			);
			path = Core;
			sourceTree = "<group>";
		};
		AAF38A1F9B355DEB1466EA2F = {
			isa = PBXGroup;
			children = (
				25395A864ACB3CBE38FC653C /* NetScope */,
				984B4DC5F61DD730FEC12354 /* Products */,
			);
			sourceTree = "<group>";
		};
		B0A2D80C46AE91D635E8532D /* App */ = {
			isa = PBXGroup;
			children = (
				30D29649A091E6050EF9C8F0 /* Intents.swift */,
				C772971C23C197581B709D78 /* NetScopeApp.swift */,
			);
			path = App;
			sourceTree = "<group>";
		};
		D01682C80E4E9324022BE82D /* Features */ = {
			isa = PBXGroup;
			children = (
				1EBD416900A686C888B15C99 /* Connection */,
				5D30D3FD9B2CCE04C05B383A /* Devices */,
				51285BF45F5DCEF1E753CD98 /* Learn */,
				107E7C678E92BA646923DD4A /* Pro */,
				893C39B2B6F8EA0EA21810FC /* Settings */,
				F445047D0E9A9C6F5AB21076 /* Speed */,
			);
			path = Features;
			sourceTree = "<group>";
		};
		F445047D0E9A9C6F5AB21076 /* Speed */ = {
			isa = PBXGroup;
			children = (
				ED6BD0B41EDDDB1A5A2D1C66 /* CoverageMap.swift */,
				3D1D89EEC10603A399EC0F2E /* SpeedTest.swift */,
				9F373CCEB4FCC1CE1FFCEEF4 /* SpeedTestView.swift */,
			);
			path = Speed;
			sourceTree = "<group>";
		};
/* End PBXGroup section */

/* Begin PBXNativeTarget section */
		807BD70C560151AF3F9096DC /* NetScope */ = {
			isa = PBXNativeTarget;
			buildConfigurationList = D266E902933615E8D72E7199 /* Build configuration list for PBXNativeTarget "NetScope" */;
			buildPhases = (
				08537C8DAF2CF3C0EA83C4D0 /* Sources */,
				6E4AD7967E8B56BF69F7369B /* Resources */,
			);
			buildRules = (
			);
			dependencies = (
			);
			name = NetScope;
			packageProductDependencies = (
			);
			productName = NetScope;
			productReference = 8A69C598155B6B6824271455 /* NetScope.app */;
			productType = "com.apple.product-type.application";
		};
/* End PBXNativeTarget section */

/* Begin PBXProject section */
		7BF1C0106043EF5A53466485 /* Project object */ = {
			isa = PBXProject;
			attributes = {
				BuildIndependentTargetsInParallel = YES;
				LastUpgradeCheck = 1430;
				TargetAttributes = {
					807BD70C560151AF3F9096DC = {
						DevelopmentTeam = 68MUVS35CH;
						ProvisioningStyle = Automatic;
					};
				};
			};
			buildConfigurationList = 54ACC9BFD8F3C1BA62E54734 /* Build configuration list for PBXProject "NetScope" */;
			developmentRegion = en;
			hasScannedForEncodings = 0;
			knownRegions = (
				Base,
				en,
			);
			mainGroup = AAF38A1F9B355DEB1466EA2F;
			minimizedProjectReferenceProxies = 1;
			preferredProjectObjectVersion = 77;
			productRefGroup = 984B4DC5F61DD730FEC12354 /* Products */;
			projectDirPath = "";
			projectRoot = "";
			targets = (
				807BD70C560151AF3F9096DC /* NetScope */,
			);
		};
/* End PBXProject section */

/* Begin PBXResourcesBuildPhase section */
		6E4AD7967E8B56BF69F7369B /* Resources */ = {
			isa = PBXResourcesBuildPhase;
			buildActionMask = 2147483647;
			files = (
				DDAA9A21C62AC62C789D8458 /* Assets.xcassets in Resources */,
			);
			runOnlyForDeploymentPostprocessing = 0;
		};
/* End PBXResourcesBuildPhase section */

/* Begin PBXSourcesBuildPhase section */
		08537C8DAF2CF3C0EA83C4D0 /* Sources */ = {
			isa = PBXSourcesBuildPhase;
			buildActionMask = 2147483647;
			files = (
				BAB27C11F1EDD5AF5484F54F /* AppIntelligence.swift in Sources */,
				5FB6323A509829E5CC5BED96 /* Connection.swift in Sources */,
				86674F530839C9A3FBFFEE24 /* Coverage.swift in Sources */,
				02DF5B22D3B481F096F03F07 /* CoverageMap.swift in Sources */,
				2D3D72140A353F0ADC337C15 /* Devices.swift in Sources */,
				EC2901C019994080FBF84ED4 /* Enrichment.swift in Sources */,
				288A75720FF7BD330E450ABA /* Intents.swift in Sources */,
				A9B5CD933DE4C238756DDF08 /* Learn.swift in Sources */,
				A5A6282A4975F75CAE333060 /* NetScopeApp.swift in Sources */,
				6A1151BA5E3278D2AD9988C5 /* Privacy.swift in Sources */,
				0AF894CFCC37B3DEC125B1A8 /* Pro.swift in Sources */,
				AEE69F63C2C04E90FF8AF3B0 /* Settings.swift in Sources */,
				49880B78E0AAF1C71B3C70C2 /* SpeedTest.swift in Sources */,
				847BD283991A604AC4765DEB /* SpeedTestView.swift in Sources */,
				F93E68C3B2361363473BA3E7 /* Theme.swift in Sources */,
				785799788ED92FB678644EFA /* Tools.swift in Sources */,
			);
			runOnlyForDeploymentPostprocessing = 0;
		};
/* End PBXSourcesBuildPhase section */

/* Begin XCBuildConfiguration section */
		57F1CBC69C0E6A15936410B7 /* Debug */ = {
			isa = XCBuildConfiguration;
			buildSettings = {
				ALWAYS_SEARCH_USER_PATHS = NO;
				CLANG_ANALYZER_NONNULL = YES;
				CLANG_ANALYZER_NUMBER_OBJECT_CONVERSION = YES_AGGRESSIVE;
				CLANG_CXX_LANGUAGE_STANDARD = "gnu++14";
				CLANG_CXX_LIBRARY = "libc++";
				CLANG_ENABLE_MODULES = YES;
				CLANG_ENABLE_OBJC_ARC = YES;
				CLANG_ENABLE_OBJC_WEAK = YES;
				CLANG_WARN_BLOCK_CAPTURE_AUTORELEASING = YES;
				CLANG_WARN_BOOL_CONVERSION = YES;
				CLANG_WARN_COMMA = YES;
				CLANG_WARN_CONSTANT_CONVERSION = YES;
				CLANG_WARN_DEPRECATED_OBJC_IMPLEMENTATIONS = YES;
				CLANG_WARN_DIRECT_OBJC_ISA_USAGE = YES_ERROR;
				CLANG_WARN_DOCUMENTATION_COMMENTS = YES;
				CLANG_WARN_EMPTY_BODY = YES;
				CLANG_WARN_ENUM_CONVERSION = YES;
				CLANG_WARN_INFINITE_RECURSION = YES;
				CLANG_WARN_INT_CONVERSION = YES;
				CLANG_WARN_NON_LITERAL_NULL_CONVERSION = YES;
				CLANG_WARN_OBJC_IMPLICIT_RETAIN_SELF = YES;
				CLANG_WARN_OBJC_LITERAL_CONVERSION = YES;
				CLANG_WARN_OBJC_ROOT_CLASS = YES_ERROR;
				CLANG_WARN_QUOTED_INCLUDE_IN_FRAMEWORK_HEADER = YES;
				CLANG_WARN_RANGE_LOOP_ANALYSIS = YES;
				CLANG_WARN_STRICT_PROTOTYPES = YES;
				CLANG_WARN_SUSPICIOUS_MOVE = YES;
				CLANG_WARN_UNGUARDED_AVAILABILITY = YES_AGGRESSIVE;
				CLANG_WARN_UNREACHABLE_CODE = YES;
				CLANG_WARN__DUPLICATE_METHOD_MATCH = YES;
				COPY_PHASE_STRIP = NO;
				DEBUG_INFORMATION_FORMAT = dwarf;
				ENABLE_STRICT_OBJC_MSGSEND = YES;
				ENABLE_TESTABILITY = YES;
				GCC_C_LANGUAGE_STANDARD = gnu11;
				GCC_DYNAMIC_NO_PIC = NO;
				GCC_NO_COMMON_BLOCKS = YES;
				GCC_OPTIMIZATION_LEVEL = 0;
				GCC_PREPROCESSOR_DEFINITIONS = (
					"$(inherited)",
					"DEBUG=1",
				);
				GCC_WARN_64_TO_32_BIT_CONVERSION = YES;
				GCC_WARN_ABOUT_RETURN_TYPE = YES_ERROR;
				GCC_WARN_UNDECLARED_SELECTOR = YES;
				GCC_WARN_UNINITIALIZED_AUTOS = YES_AGGRESSIVE;
				GCC_WARN_UNUSED_FUNCTION = YES;
				GCC_WARN_UNUSED_VARIABLE = YES;
				IPHONEOS_DEPLOYMENT_TARGET = 27.0;
				MTL_ENABLE_DEBUG_INFO = INCLUDE_SOURCE;
				MTL_FAST_MATH = YES;
				ONLY_ACTIVE_ARCH = YES;
				PRODUCT_NAME = "$(TARGET_NAME)";
				SDKROOT = iphoneos;
				SWIFT_ACTIVE_COMPILATION_CONDITIONS = DEBUG;
				SWIFT_OPTIMIZATION_LEVEL = "-Onone";
				SWIFT_VERSION = 5.0;
			};
			name = Debug;
		};
		63A0E29AE7D94A8B180794BD /* Debug */ = {
			isa = XCBuildConfiguration;
			buildSettings = {
				ASSETCATALOG_COMPILER_APPICON_NAME = AppIcon;
				CODE_SIGN_IDENTITY = "iPhone Developer";
				CODE_SIGN_STYLE = Automatic;
				CURRENT_PROJECT_VERSION = 4;
				DEVELOPMENT_TEAM = 68MUVS35CH;
				ENABLE_USER_SCRIPT_SANDBOXING = YES;
				GENERATE_INFOPLIST_FILE = NO;
				INFOPLIST_FILE = NetScope/Info.plist;
				IPHONEOS_DEPLOYMENT_TARGET = 27.0;
				LD_RUNPATH_SEARCH_PATHS = (
					"$(inherited)",
					"@executable_path/Frameworks",
				);
				MARKETING_VERSION = 1.1;
				PRODUCT_BUNDLE_IDENTIFIER = com.netscope.ios;
				PRODUCT_NAME = NetScope;
				SDKROOT = iphoneos;
				SWIFT_VERSION = 5.0;
				TARGETED_DEVICE_FAMILY = 1;
			};
			name = Debug;
		};
		64E10278C2E913382506EA8F /* Release */ = {
			isa = XCBuildConfiguration;
			buildSettings = {
				ALWAYS_SEARCH_USER_PATHS = NO;
				CLANG_ANALYZER_NONNULL = YES;
				CLANG_ANALYZER_NUMBER_OBJECT_CONVERSION = YES_AGGRESSIVE;
				CLANG_CXX_LANGUAGE_STANDARD = "gnu++14";
				CLANG_CXX_LIBRARY = "libc++";
				CLANG_ENABLE_MODULES = YES;
				CLANG_ENABLE_OBJC_ARC = YES;
				CLANG_ENABLE_OBJC_WEAK = YES;
				CLANG_WARN_BLOCK_CAPTURE_AUTORELEASING = YES;
				CLANG_WARN_BOOL_CONVERSION = YES;
				CLANG_WARN_COMMA = YES;
				CLANG_WARN_CONSTANT_CONVERSION = YES;
				CLANG_WARN_DEPRECATED_OBJC_IMPLEMENTATIONS = YES;
				CLANG_WARN_DIRECT_OBJC_ISA_USAGE = YES_ERROR;
				CLANG_WARN_DOCUMENTATION_COMMENTS = YES;
				CLANG_WARN_EMPTY_BODY = YES;
				CLANG_WARN_ENUM_CONVERSION = YES;
				CLANG_WARN_INFINITE_RECURSION = YES;
				CLANG_WARN_INT_CONVERSION = YES;
				CLANG_WARN_NON_LITERAL_NULL_CONVERSION = YES;
				CLANG_WARN_OBJC_IMPLICIT_RETAIN_SELF = YES;
				CLANG_WARN_OBJC_LITERAL_CONVERSION = YES;
				CLANG_WARN_OBJC_ROOT_CLASS = YES_ERROR;
				CLANG_WARN_QUOTED_INCLUDE_IN_FRAMEWORK_HEADER = YES;
				CLANG_WARN_RANGE_LOOP_ANALYSIS = YES;
				CLANG_WARN_STRICT_PROTOTYPES = YES;
				CLANG_WARN_SUSPICIOUS_MOVE = YES;
				CLANG_WARN_UNGUARDED_AVAILABILITY = YES_AGGRESSIVE;
				CLANG_WARN_UNREACHABLE_CODE = YES;
				CLANG_WARN__DUPLICATE_METHOD_MATCH = YES;
				COPY_PHASE_STRIP = NO;
				DEBUG_INFORMATION_FORMAT = "dwarf-with-dsym";
				ENABLE_NS_ASSERTIONS = NO;
				ENABLE_STRICT_OBJC_MSGSEND = YES;
				GCC_C_LANGUAGE_STANDARD = gnu11;
				GCC_NO_COMMON_BLOCKS = YES;
				GCC_WARN_64_TO_32_BIT_CONVERSION = YES;
				GCC_WARN_ABOUT_RETURN_TYPE = YES_ERROR;
				GCC_WARN_UNDECLARED_SELECTOR = YES;
				GCC_WARN_UNINITIALIZED_AUTOS = YES_AGGRESSIVE;
				GCC_WARN_UNUSED_FUNCTION = YES;
				GCC_WARN_UNUSED_VARIABLE = YES;
				IPHONEOS_DEPLOYMENT_TARGET = 27.0;
				MTL_ENABLE_DEBUG_INFO = NO;
				MTL_FAST_MATH = YES;
				PRODUCT_NAME = "$(TARGET_NAME)";
				SDKROOT = iphoneos;
				SWIFT_COMPILATION_MODE = wholemodule;
				SWIFT_OPTIMIZATION_LEVEL = "-O";
				SWIFT_VERSION = 5.0;
			};
			name = Release;
		};
		E61D45AAD6629412D43C093B /* Release */ = {
			isa = XCBuildConfiguration;
			buildSettings = {
				ASSETCATALOG_COMPILER_APPICON_NAME = AppIcon;
				CODE_SIGN_IDENTITY = "iPhone Developer";
				CODE_SIGN_STYLE = Automatic;
				CURRENT_PROJECT_VERSION = 4;
				DEVELOPMENT_TEAM = 68MUVS35CH;
				ENABLE_USER_SCRIPT_SANDBOXING = YES;
				GENERATE_INFOPLIST_FILE = NO;
				INFOPLIST_FILE = NetScope/Info.plist;
				IPHONEOS_DEPLOYMENT_TARGET = 27.0;
				LD_RUNPATH_SEARCH_PATHS = (
					"$(inherited)",
					"@executable_path/Frameworks",
				);
				MARKETING_VERSION = 1.1;
				PRODUCT_BUNDLE_IDENTIFIER = com.netscope.ios;
				PRODUCT_NAME = NetScope;
				SDKROOT = iphoneos;
				SWIFT_VERSION = 5.0;
				TARGETED_DEVICE_FAMILY = 1;
			};
			name = Release;
		};
/* End XCBuildConfiguration section */

/* Begin XCConfigurationList section */
		54ACC9BFD8F3C1BA62E54734 /* Build configuration list for PBXProject "NetScope" */ = {
			isa = XCConfigurationList;
			buildConfigurations = (
				57F1CBC69C0E6A15936410B7 /* Debug */,
				64E10278C2E913382506EA8F /* Release */,
			);
			defaultConfigurationIsVisible = 0;
			defaultConfigurationName = Debug;
		};
		D266E902933615E8D72E7199 /* Build configuration list for PBXNativeTarget "NetScope" */ = {
			isa = XCConfigurationList;
			buildConfigurations = (
				63A0E29AE7D94A8B180794BD /* Debug */,
				E61D45AAD6629412D43C093B /* Release */,
			);
			defaultConfigurationIsVisible = 0;
			defaultConfigurationName = Debug;
		};
/* End XCConfigurationList section */
	};
	rootObject = 7BF1C0106043EF5A53466485 /* Project object */;
}
